// !$*UTF8*$!
{
	archiveVersion = 1;
	classes = {
	};
	objectVersion = 77;
	objects = {

/* Begin PBXContainerItemProxy section */
		91D4BCE52D1988ED00C69284 /* PBXContainerItemProxy */ = {
			isa = PBXContainerItemProxy;
			containerPortal = 91D4BCC72D1988EC00C69284 /* Project object */;
			proxyType = 1;
			remoteGlobalIDString = 91D4BCCE2D1988EC00C69284;
			remoteInfo = smtx;
		};
		91D4BCEF2D1988ED00C69284 /* PBXContainerItemProxy */ = {
			isa = PBXContainerItemProxy;
			containerPortal = 91D4BCC72D1988EC00C69284 /* Project object */;
			proxyType = 1;
			remoteGlobalIDString = 91D4BCCE2D1988EC00C69284;
			remoteInfo = smtx;
		};
/* End PBXContainerItemProxy section */

/* Begin PBXFileReference section */
		91D4BCCF2D1988EC00C69284 /* smtx.app */ = {isa = PBXFileReference; explicitFileType = wrapper.application; includeInIndex = 0; path = smtx.app; sourceTree = BUILT_PRODUCTS_DIR; };
		91D4BCE42D1988ED00C69284 /* smtxTests.xctest */ = {isa = PBXFileReference; explicitFileType = wrapper.cfbundle; includeInIndex = 0; path = smtxTests.xctest; sourceTree = BUILT_PRODUCTS_DIR; };
		91D4BCEE2D1988ED00C69284 /* smtxUITests.xctest */ = {isa = PBXFileReference; explicitFileType = wrapper.cfbundle; includeInIndex = 0; path = smtxUITests.xctest; sourceTree = BUILT_PRODUCTS_DIR; };
/* End PBXFileReference section */

/* Begin PBXFileSystemSynchronizedRootGroup section */
		91D4BCD12D1988EC00C69284 /* smtx */ = {
			isa = PBXFileSystemSynchronizedRootGroup;
			path = smtx;
			sourceTree = "<group>";
		};
		91D4BCE72D1988ED00C69284 /* smtxTests */ = {
			isa = PBXFileSystemSynchronizedRootGroup;
			path = smtxTests;
			sourceTree = "<group>";
		};
		91D4BCF12D1988ED00C69284 /* smtxUITests */ = {
			isa = PBXFileSystemSynchronizedRootGroup;
			path = smtxUITests;
			sourceTree = "<group>";
		};
/* End PBXFileSystemSynchronizedRootGroup section */

/* Begin PBXFrameworksBuildPhase section */
		91D4BCCC2D1988EC00C69284 /* Frameworks */ = {
			isa = PBXFrameworksBuildPhase;
			buildActionMask = 2147483647;
			files = (
			);
			runOnlyForDeploymentPostprocessing = 0;
		};
		91D4BCE12D1988ED00C69284 /* Frameworks */ = {
			isa = PBXFrameworksBuildPhase;
			buildActionMask = 2147483647;
			files = (
			);
			runOnlyForDeploymentPostprocessing = 0;
		};
		91D4BCEB2D1988ED00C69284 /* Frameworks */ = {
			isa = PBXFrameworksBuildPhase;
			buildActionMask = 2147483647;
			files = (
			);
			runOnlyForDeploymentPostprocessing = 0;
		};
/* End PBXFrameworksBuildPhase section */

/* Begin PBXGroup section */
		91D4BCC62D1988EC00C69284 = {
			isa = PBXGroup;
			children = (
				91D4BCD12D1988EC00C69284 /* smtx */,
				91D4BCE72D1988ED00C69284 /* smtxTests */,
				91D4BCF12D1988ED00C69284 /* smtxUITests */,
				91D4BCD02D1988EC00C69284 /* Products */,
			);
			sourceTree = "<group>";
		};
		91D4BCD02D1988EC00C69284 /* Products */ = {
			isa = PBXGroup;
			children = (
				91D4BCCF2D1988EC00C69284 /* smtx.app */,
				91D4BCE42D1988ED00C69284 /* smtxTests.xctest */,
				91D4BCEE2D1988ED00C69284 /* smtxUITests.xctest */,
			);
			name = Products;
			sourceTree = "<group>";
		};
/* End PBXGroup section */

/* Begin PBXNativeTarget section */
		91D4BCCE2D1988EC00C69284 /* smtx */ = {
			isa = PBXNativeTarget;
			buildConfigurationList = 91D4BCF82D1988ED00C69284 /* Build configuration list for PBXNativeTarget "smtx" */;
			buildPhases = (
				91D4BCCB2D1988EC00C69284 /* Sources */,
				91D4BCCC2D1988EC00C69284 /* Frameworks */,
				91D4BCCD2D1988EC00C69284 /* Resources */,
			);
			buildRules = (
			);
			dependencies = (
			);
			fileSystemSynchronizedGroups = (
				91D4BCD12D1988EC00C69284 /* smtx */,
			);
			name = smtx;
			packageProductDependencies = (
			);
			productName = smtx;
			productReference = 91D4BCCF2D1988EC00C69284 /* smtx.app */;
			productType = "com.apple.product-type.application";
		};
		91D4BCE32D1988ED00C69284 /* smtxTests */ = {
			isa = PBXNativeTarget;
			buildConfigurationList = 91D4BCFB2D1988ED00C69284 /* Build configuration list for PBXNativeTarget "smtxTests" */;
			buildPhases = (
				91D4BCE02D1988ED00C69284 /* Sources */,
				91D4BCE12D1988ED00C69284 /* Frameworks */,
				91D4BCE22D1988ED00C69284 /* Resources */,
			);
			buildRules = (
			);
			dependencies = (
				91D4BCE62D1988ED00C69284 /* PBXTargetDependency */,
			);
			fileSystemSynchronizedGroups = (
				91D4BCE72D1988ED00C69284 /* smtxTests */,
			);
			name = smtxTests;
			packageProductDependencies = (
			);
			productName = smtxTests;
			productReference = 91D4BCE42D1988ED00C69284 /* smtxTests.xctest */;
			productType = "com.apple.product-type.bundle.unit-test";
		};
		91D4BCED2D1988ED00C69284 /* smtxUITests */ = {
			isa = PBXNativeTarget;
			buildConfigurationList = 91D4BCFE2D1988ED00C69284 /* Build configuration list for PBXNativeTarget "smtxUITests" */;
			buildPhases = (
				91D4BCEA2D1988ED00C69284 /* Sources */,
				91D4BCEB2D1988ED00C69284 /* Frameworks */,
				91D4BCEC2D1988ED00C69284 /* Resources */,
			);
			buildRules = (
			);
			dependencies = (
				91D4BCF02D1988ED00C69284 /* PBXTargetDependency */,
			);
			fileSystemSynchronizedGroups = (
				91D4BCF12D1988ED00C69284 /* smtxUITests */,
			);
			name = smtxUITests;
			packageProductDependencies = (
			);
			productName = smtxUITests;
			productReference = 91D4BCEE2D1988ED00C69284 /* smtxUITests.xctest */;
			productType = "com.apple.product-type.bundle.ui-testing";
		};
/* End PBXNativeTarget section */

/* Begin PBXProject section */
		91D4BCC72D1988EC00C69284 /* Project object */ = {
			isa = PBXProject;
			attributes = {
				BuildIndependentTargetsInParallel = 1;
				LastSwiftUpdateCheck = 1620;
				LastUpgradeCheck = 1620;
				TargetAttributes = {
					91D4BCCE2D1988EC00C69284 = {
						CreatedOnToolsVersion = 16.2;
					};
					91D4BCE32D1988ED00C69284 = {
						CreatedOnToolsVersion = 16.2;
						TestTargetID = 91D4BCCE2D1988EC00C69284;
					};
					91D4BCED2D1988ED00C69284 = {
						CreatedOnToolsVersion = 16.2;
						TestTargetID = 91D4BCCE2D1988EC00C69284;
					};
				};
			};
			buildConfigurationList = 91D4BCCA2D1988EC00C69284 /* Build configuration list for PBXProject "smtx" */;
			developmentRegion = en;
			hasScannedForEncodings = 0;
			knownRegions = (
				en,
				Base,
			);
			mainGroup = 91D4BCC62D1988EC00C69284;
			minimizedProjectReferenceProxies = 1;
			preferredProjectObjectVersion = 77;
			productRefGroup = 91D4BCD02D1988EC00C69284 /* Products */;
			projectDirPath = "";
			projectRoot = "";
			targets = (
				91D4BCCE2D1988EC00C69284 /* smtx */,
				91D4BCE32D1988ED00C69284 /* smtxTests */,
				91D4BCED2D1988ED00C69284 /* smtxUITests */,
			);
		};
/* End PBXProject section */

/* Begin PBXResourcesBuildPhase section */
		91D4BCCD2D1988EC00C69284 /* Resources */ = {
			isa = PBXResourcesBuildPhase;
			buildActionMask = 2147483647;
			files = (
			);
			runOnlyForDeploymentPostprocessing = 0;
		};
		91D4BCE22D1988ED00C69284 /* Resources */ = {
			isa = PBXResourcesBuildPhase;
			buildActionMask = 2147483647;
			files = (
			);
			runOnlyForDeploymentPostprocessing = 0;
		};
		91D4BCEC2D1988ED00C69284 /* Resources */ = {
			isa = PBXResourcesBuildPhase;
			buildActionMask = 2147483647;
			files = (
			);
			runOnlyForDeploymentPostprocessing = 0;
		};
/* End PBXResourcesBuildPhase section */

/* Begin PBXSourcesBuildPhase section */
		91D4BCCB2D1988EC00C69284 /* Sources */ = {
			isa = PBXSourcesBuildPhase;
			buildActionMask = 2147483647;
			files = (
			);
			runOnlyForDeploymentPostprocessing = 0;
		};
		91D4BCE02D1988ED00C69284 /* Sources */ = {
			isa = PBXSourcesBuildPhase;
			buildActionMask = 2147483647;
			files = (
			);
			runOnlyForDeploymentPostprocessing = 0;
		};
		91D4BCEA2D1988ED00C69284 /* Sources */ = {
			isa = PBXSourcesBuildPhase;
			buildActionMask = 2147483647;
			files = (
			);
			runOnlyForDeploymentPostprocessing = 0;
		};
/* End PBXSourcesBuildPhase section */

/* Begin PBXTargetDependency section */
		91D4BCE62D1988ED00C69284 /* PBXTargetDependency */ = {
			isa = PBXTargetDependency;
			target = 91D4BCCE2D1988EC00C69284 /* smtx */;
			targetProxy = 91D4BCE52D1988ED00C69284 /* PBXContainerItemProxy */;
		};
		91D4BCF02D1988ED00C69284 /* PBXTargetDependency */ = {
			isa = PBXTargetDependency;
			target = 91D4BCCE2D1988EC00C69284 /* smtx */;
			targetProxy = 91D4BCEF2D1988ED00C69284 /* PBXContainerItemProxy */;
		};
/* End PBXTargetDependency section */

/* Begin XCBuildConfiguration section */
		91D4BCF62D1988ED00C69284 /* Debug */ = {
			isa = XCBuildConfiguration;
			buildSettings = {
				ALWAYS_SEARCH_USER_PATHS = NO;
				ASSETCATALOG_COMPILER_GENERATE_SWIFT_ASSET_SYMBOL_EXTENSIONS = YES;
				CLANG_ANALYZER_NONNULL = YES;
				CLANG_ANALYZER_NUMBER_OBJECT_CONVERSION = YES_AGGRESSIVE;
				CLANG_CXX_LANGUAGE_STANDARD = "gnu++20";
				CLANG_ENABLE_MODULES = YES;
				CLANG_ENABLE_OBJC_ARC = YES;
				CLANG_ENABLE_OBJC_WEAK = YES;
				CLANG_WARN_BLOCK_CAPTURE_AUTORELEASING = YES;
				CLANG_WARN_BOOL_CONVERSION = YES;
				CLANG_WARN_COMMA = YES;
				CLANG_WARN_CONSTANT_CONVERSION = YES;
				CLANG_WARN_DEPRECATED_OBJC_IMPLEMENTATIONS = YES;
				CLANG_WARN_DIRECT_OBJC_ISA_USAGE = YES_ERROR;
				CLANG_WARN_DOCUMENTATION_COMMENTS = YES;
				CLANG_WARN_EMPTY_BODY = YES;
				CLANG_WARN_ENUM_CONVERSION = YES;
				CLANG_WARN_INFINITE_RECURSION = YES;
				CLANG_WARN_INT_CONVERSION = YES;
				CLANG_WARN_NON_LITERAL_NULL_CONVERSION = YES;
				CLANG_WARN_OBJC_IMPLICIT_RETAIN_SELF = YES;
				CLANG_WARN_OBJC_LITERAL_CONVERSION = YES;
				CLANG_WARN_OBJC_ROOT_CLASS = YES_ERROR;
				CLANG_WARN_QUOTED_INCLUDE_IN_FRAMEWORK_HEADER = YES;
				CLANG_WARN_RANGE_LOOP_ANALYSIS = YES;
				CLANG_WARN_STRICT_PROTOTYPES = YES;
				CLANG_WARN_SUSPICIOUS_MOVE = YES;
				CLANG_WARN_UNGUARDED_AVAILABILITY = YES_AGGRESSIVE;
				CLANG_WARN_UNREACHABLE_CODE = YES;
				CLANG_WARN__DUPLICATE_METHOD_MATCH = YES;
				COPY_PHASE_STRIP = NO;
				DEBUG_INFORMATION_FORMAT = dwarf;
				ENABLE_STRICT_OBJC_MSGSEND = YES;
				ENABLE_TESTABILITY = YES;
				ENABLE_USER_SCRIPT_SANDBOXING = YES;
				GCC_C_LANGUAGE_STANDARD = gnu17;
				GCC_DYNAMIC_NO_PIC = NO;
				GCC_NO_COMMON_BLOCKS = YES;
				GCC_OPTIMIZATION_LEVEL = 0;
				GCC_PREPROCESSOR_DEFINITIONS = (
					"DEBUG=1",
					"$(inherited)",
				);
				GCC_WARN_64_TO_32_BIT_CONVERSION = YES;
				GCC_WARN_ABOUT_RETURN_TYPE = YES_ERROR;
				GCC_WARN_UNDECLARED_SELECTOR = YES;
				GCC_WARN_UNINITIALIZED_AUTOS = YES_AGGRESSIVE;
				GCC_WARN_UNUSED_FUNCTION = YES;
				GCC_WARN_UNUSED_VARIABLE = YES;
				IPHONEOS_DEPLOYMENT_TARGET = 18.2;
				LOCALIZATION_PREFERS_STRING_CATALOGS = YES;
				MTL_ENABLE_DEBUG_INFO = INCLUDE_SOURCE;
				MTL_FAST_MATH = YES;
				ONLY_ACTIVE_ARCH = YES;
				SDKROOT = iphoneos;
				SWIFT_ACTIVE_COMPILATION_CONDITIONS = "DEBUG $(inherited)";
				SWIFT_OPTIMIZATION_LEVEL = "-Onone";
			};
			name = Debug;
		};
		91D4BCF72D1988ED00C69284 /* Release */ = {
			isa = XCBuildConfiguration;
			buildSettings = {
				ALWAYS_SEARCH_USER_PATHS = NO;
				ASSETCATALOG_COMPILER_GENERATE_SWIFT_ASSET_SYMBOL_EXTENSIONS = YES;
				CLANG_ANALYZER_NONNULL = YES;
				CLANG_ANALYZER_NUMBER_OBJECT_CONVERSION = YES_AGGRESSIVE;
				CLANG_CXX_LANGUAGE_STANDARD = "gnu++20";
				CLANG_ENABLE_MODULES = YES;
				CLANG_ENABLE_OBJC_ARC = YES;
				CLANG_ENABLE_OBJC_WEAK = YES;
				CLANG_WARN_BLOCK_CAPTURE_AUTORELEASING = YES;
				CLANG_WARN_BOOL_CONVERSION = YES;
				CLANG_WARN_COMMA = YES;
				CLANG_WARN_CONSTANT_CONVERSION = YES;
				CLANG_WARN_DEPRECATED_OBJC_IMPLEMENTATIONS = YES;
				CLANG_WARN_DIRECT_OBJC_ISA_USAGE = YES_ERROR;
				CLANG_WARN_DOCUMENTATION_COMMENTS = YES;
				CLANG_WARN_EMPTY_BODY = YES;
				CLANG_WARN_ENUM_CONVERSION = YES;
				CLANG_WARN_INFINITE_RECURSION = YES;
				CLANG_WARN_INT_CONVERSION = YES;
				CLANG_WARN_NON_LITERAL_NULL_CONVERSION = YES;
				CLANG_WARN_OBJC_IMPLICIT_RETAIN_SELF = YES;
				CLANG_WARN_OBJC_LITERAL_CONVERSION = YES;
				CLANG_WARN_OBJC_ROOT_CLASS = YES_ERROR;
				CLANG_WARN_QUOTED_INCLUDE_IN_FRAMEWORK_HEADER = YES;
				CLANG_WARN_RANGE_LOOP_ANALYSIS = YES;
				CLANG_WARN_STRICT_PROTOTYPES = YES;
				CLANG_WARN_SUSPICIOUS_MOVE = YES;
				CLANG_WARN_UNGUARDED_AVAILABILITY = YES_AGGRESSIVE;
				CLANG_WARN_UNREACHABLE_CODE = YES;
				CLANG_WARN__DUPLICATE_METHOD_MATCH = YES;
				COPY_PHASE_STRIP = NO;
				DEBUG_INFORMATION_FORMAT = "dwarf-with-dsym";
				ENABLE_NS_ASSERTIONS = NO;
				ENABLE_STRICT_OBJC_MSGSEND = YES;
				ENABLE_USER_SCRIPT_SANDBOXING = YES;
				GCC_C_LANGUAGE_STANDARD = gnu17;
				GCC_NO_COMMON_BLOCKS = YES;
				GCC_WARN_64_TO_32_BIT_CONVERSION = YES;
				GCC_WARN_ABOUT_RETURN_TYPE = YES_ERROR;
				GCC_WARN_UNDECLARED_SELECTOR = YES;
				GCC_WARN_UNINITIALIZED_AUTOS = YES_AGGRESSIVE;
				GCC_WARN_UNUSED_FUNCTION = YES;
				GCC_WARN_UNUSED_VARIABLE = YES;
				IPHONEOS_DEPLOYMENT_TARGET = 18.2;
				LOCALIZATION_PREFERS_STRING_CATALOGS = YES;
				MTL_ENABLE_DEBUG_INFO = NO;
				MTL_FAST_MATH = YES;
				SDKROOT = iphoneos;
				SWIFT_COMPILATION_MODE = wholemodule;
				VALIDATE_PRODUCT = YES;
			};
			name = Release;
		};
		91D4BCF92D1988ED00C69284 /* Debug */ = {
			isa = XCBuildConfiguration;
			buildSettings = {
				ASSETCATALOG_COMPILER_APPICON_NAME = AppIcon;
				ASSETCATALOG_COMPILER_GLOBAL_ACCENT_COLOR_NAME = AccentColor;
				CODE_SIGN_STYLE = Automatic;
				CURRENT_PROJECT_VERSION = 1;
				DEVELOPMENT_ASSET_PATHS = "\"smtx/Preview Content\"";
				DEVELOPMENT_TEAM = 4M7T6PLN38;
				ENABLE_PREVIEWS = YES;
				GENERATE_INFOPLIST_FILE = YES;
				INFOPLIST_KEY_NSPhotoLibraryAddUsageDescription = "需要访问照片库以保存模板图片";
				INFOPLIST_KEY_NSPhotoLibraryUsageDescription = "需要访问照片库以选择模板图片";
				INFOPLIST_KEY_UIApplicationSceneManifest_Generation = YES;
				INFOPLIST_KEY_UIApplicationSupportsIndirectInputEvents = YES;
				INFOPLIST_KEY_UILaunchScreen_Generation = YES;
				INFOPLIST_KEY_UISupportedInterfaceOrientations_iPad = "UIInterfaceOrientationPortrait UIInterfaceOrientationPortraitUpsideDown UIInterfaceOrientationLandscapeLeft UIInterfaceOrientationLandscapeRight";
				INFOPLIST_KEY_UISupportedInterfaceOrientations_iPhone = "UIInterfaceOrientationPortrait UIInterfaceOrientationLandscapeLeft UIInterfaceOrientationLandscapeRight";
				IPHONEOS_DEPLOYMENT_TARGET = 16.0;
				LD_RUNPATH_SEARCH_PATHS = (
					"$(inherited)",
					"@executable_path/Frameworks",
				);
				MARKETING_VERSION = 1.0;
				PRODUCT_BUNDLE_IDENTIFIER = com.example.smtx;
				PRODUCT_NAME = "$(TARGET_NAME)";
				SWIFT_EMIT_LOC_STRINGS = YES;
				SWIFT_VERSION = 5.0;
				TARGETED_DEVICE_FAMILY = "1,2";
			};
			name = Debug;
		};
		91D4BCFA2D1988ED00C69284 /* Release */ = {
			isa = XCBuildConfiguration;
			buildSettings = {
				ASSETCATALOG_COMPILER_APPICON_NAME = AppIcon;
				ASSETCATALOG_COMPILER_GLOBAL_ACCENT_COLOR_NAME = AccentColor;
				CODE_SIGN_STYLE = Automatic;
				CURRENT_PROJECT_VERSION = 1;
				DEVELOPMENT_ASSET_PATHS = "\"smtx/Preview Content\"";
				DEVELOPMENT_TEAM = 4M7T6PLN38;
				ENABLE_PREVIEWS = YES;
				GENERATE_INFOPLIST_FILE = YES;
				INFOPLIST_KEY_NSPhotoLibraryAddUsageDescription = "需要访问照片库以保存模板图片";
				INFOPLIST_KEY_NSPhotoLibraryUsageDescription = "需要访问照片库以选择模板图片";
				INFOPLIST_KEY_UIApplicationSceneManifest_Generation = YES;
				INFOPLIST_KEY_UIApplicationSupportsIndirectInputEvents = YES;
				INFOPLIST_KEY_UILaunchScreen_Generation = YES;
				INFOPLIST_KEY_UISupportedInterfaceOrientations_iPad = "UIInterfaceOrientationPortrait UIInterfaceOrientationPortraitUpsideDown UIInterfaceOrientationLandscapeLeft UIInterfaceOrientationLandscapeRight";
				INFOPLIST_KEY_UISupportedInterfaceOrientations_iPhone = "UIInterfaceOrientationPortrait UIInterfaceOrientationLandscapeLeft UIInterfaceOrientationLandscapeRight";
				IPHONEOS_DEPLOYMENT_TARGET = 16.0;
				LD_RUNPATH_SEARCH_PATHS = (
					"$(inherited)",
					"@executable_path/Frameworks",
				);
				MARKETING_VERSION = 1.0;
				PRODUCT_BUNDLE_IDENTIFIER = com.example.smtx;
				PRODUCT_NAME = "$(TARGET_NAME)";
				SWIFT_EMIT_LOC_STRINGS = YES;
				SWIFT_VERSION = 5.0;
				TARGETED_DEVICE_FAMILY = "1,2";
			};
			name = Release;
		};
		91D4BCFC2D1988ED00C69284 /* Debug */ = {
			isa = XCBuildConfiguration;
			buildSettings = {
				BUNDLE_LOADER = "$(TEST_HOST)";
				CODE_SIGN_STYLE = Automatic;
				CURRENT_PROJECT_VERSION = 1;
				DEVELOPMENT_TEAM = 4M7T6PLN38;
				GENERATE_INFOPLIST_FILE = YES;
				IPHONEOS_DEPLOYMENT_TARGET = 18.2;
				MARKETING_VERSION = 1.0;
				PRODUCT_BUNDLE_IDENTIFIER = e.e.smtxTests;
				PRODUCT_NAME = "$(TARGET_NAME)";
				SWIFT_EMIT_LOC_STRINGS = NO;
				SWIFT_VERSION = 5.0;
				TARGETED_DEVICE_FAMILY = "1,2";
				TEST_HOST = "$(BUILT_PRODUCTS_DIR)/smtx.app/$(BUNDLE_EXECUTABLE_FOLDER_PATH)/smtx";
			};
			name = Debug;
		};
		91D4BCFD2D1988ED00C69284 /* Release */ = {
			isa = XCBuildConfiguration;
			buildSettings = {
				BUNDLE_LOADER = "$(TEST_HOST)";
				CODE_SIGN_STYLE = Automatic;
				CURRENT_PROJECT_VERSION = 1;
				DEVELOPMENT_TEAM = 4M7T6PLN38;
				GENERATE_INFOPLIST_FILE = YES;
				IPHONEOS_DEPLOYMENT_TARGET = 18.2;
				MARKETING_VERSION = 1.0;
				PRODUCT_BUNDLE_IDENTIFIER = e.e.smtxTests;
				PRODUCT_NAME = "$(TARGET_NAME)";
				SWIFT_EMIT_LOC_STRINGS = NO;
				SWIFT_VERSION = 5.0;
				TARGETED_DEVICE_FAMILY = "1,2";
				TEST_HOST = "$(BUILT_PRODUCTS_DIR)/smtx.app/$(BUNDLE_EXECUTABLE_FOLDER_PATH)/smtx";
			};
			name = Release;
		};
		91D4BCFF2D1988ED00C69284 /* Debug */ = {
			isa = XCBuildConfiguration;
			buildSettings = {
				CODE_SIGN_STYLE = Automatic;
				CURRENT_PROJECT_VERSION = 1;
				DEVELOPMENT_TEAM = 4M7T6PLN38;
				GENERATE_INFOPLIST_FILE = YES;
				MARKETING_VERSION = 1.0;
				PRODUCT_BUNDLE_IDENTIFIER = e.e.smtxUITests;
				PRODUCT_NAME = "$(TARGET_NAME)";
				SWIFT_EMIT_LOC_STRINGS = NO;
				SWIFT_VERSION = 5.0;
				TARGETED_DEVICE_FAMILY = "1,2";
				TEST_TARGET_NAME = smtx;
			};
			name = Debug;
		};
		91D4BD002D1988ED00C69284 /* Release */ = {
			isa = XCBuildConfiguration;
			buildSettings = {
				CODE_SIGN_STYLE = Automatic;
				CURRENT_PROJECT_VERSION = 1;
				DEVELOPMENT_TEAM = 4M7T6PLN38;
				GENERATE_INFOPLIST_FILE = YES;
				MARKETING_VERSION = 1.0;
				PRODUCT_BUNDLE_IDENTIFIER = e.e.smtxUITests;
				PRODUCT_NAME = "$(TARGET_NAME)";
				SWIFT_EMIT_LOC_STRINGS = NO;
				SWIFT_VERSION = 5.0;
				TARGETED_DEVICE_FAMILY = "1,2";
				TEST_TARGET_NAME = smtx;
			};
			name = Release;
		};
/* End XCBuildConfiguration section */

/* Begin XCConfigurationList section */
		91D4BCCA2D1988EC00C69284 /* Build configuration list for PBXProject "smtx" */ = {
			isa = XCConfigurationList;
			buildConfigurations = (
				91D4BCF62D1988ED00C69284 /* Debug */,
				91D4BCF72D1988ED00C69284 /* Release */,
			);
			defaultConfigurationIsVisible = 0;
			defaultConfigurationName = Release;
		};
		91D4BCF82D1988ED00C69284 /* Build configuration list for PBXNativeTarget "smtx" */ = {
			isa = XCConfigurationList;
			buildConfigurations = (
				91D4BCF92D1988ED00C69284 /* Debug */,
				91D4BCFA2D1988ED00C69284 /* Release */,
			);
			defaultConfigurationIsVisible = 0;
			defaultConfigurationName = Release;
		};
		91D4BCFB2D1988ED00C69284 /* Build configuration list for PBXNativeTarget "smtxTests" */ = {
			isa = XCConfigurationList;
			buildConfigurations = (
				91D4BCFC2D1988ED00C69284 /* Debug */,
				91D4BCFD2D1988ED00C69284 /* Release */,
			);
			defaultConfigurationIsVisible = 0;
			defaultConfigurationName = Release;
		};
		91D4BCFE2D1988ED00C69284 /* Build configuration list for PBXNativeTarget "smtxUITests" */ = {
			isa = XCConfigurationList;
			buildConfigurations = (
				91D4BCFF2D1988ED00C69284 /* Debug */,
				91D4BD002D1988ED00C69284 /* Release */,
			);
			defaultConfigurationIsVisible = 0;
			defaultConfigurationName = Release;
		};
/* End XCConfigurationList section */
	};
	rootObject = 91D4BCC72D1988EC00C69284 /* Project object */;
}
